{
  "name": "nyc-playground-roulette",
  "version": "1.0.0",
  "lockfileVersion": 3,
  "requires": true,
  "packages": {
    "": {
      "name": "nyc-playground-roulette",
      "version": "1.0.0",
      "license": "MIT",
      "dependencies": {
        "dexie": "^3.2.4"
      },
      "devDependencies": {}
    },
    "node_modules/dexie": {
      "version": "3.2.7",
      "resolved": "https://registry.npmjs.org/dexie/-/dexie-3.2.7.tgz",
      "integrity": "sha512-2a+BXvVhY5op+smDRLxeBAivE7YcYaneXJ1la3HOkUfX9zKkE/AJ8CNgjiXbtXepFyFmJNGSbmjOwqbT749r/w==",
      "engines": {
        "node": ">=6.0"
      }
    }
  }
}
